{
  "name": "plug-test",
  "version": "1.0.0",
  "lockfileVersion": 1,
  "requires": true,
  "dependencies": {
    "@cubelets/replug": {
      "version": "0.2.1",
      "resolved": "https://registry.npmjs.org/@cubelets/replug/-/replug-0.2.1.tgz",
      "integrity": "sha512-MOCAP/GmanWFXl2/RiCpjrwB5au9rLqp8T5m3B8+YfQGt0fAqV3NsQqVmszGd6j/NGUlrSxwWqXQ/Mb+kQzwOQ=="
    }
  }
}
